
Microsoft Visual Studio Solution File, Format Version 12.00
# Visual Studio Version 17
VisualStudioVersion = 17.14.36203.30 d17.14
MinimumVisualStudioVersion = 10.0.40219.1
Project("{FAE04EC0-301F-11D3-BF4B-00C04F79EFBC}") = "careerBridge", "careerBridge\careerBridge.csproj", "{147D2387-4E16-485A-A843-3BB261372754}"
EndProject
Global
	GlobalSection(SolutionConfigurationPlatforms) = preSolution
		Debug|Any CPU = Debug|Any CPU
		Release|Any CPU = Release|Any CPU
	EndGlobalSection
	GlobalSection(ProjectConfigurationPlatforms) = postSolution
		{147D2387-4E16-485A-A843-3BB261372754}.Debug|Any CPU.ActiveCfg = Debug|Any CPU
		{147D2387-4E16-485A-A843-3BB261372754}.Debug|Any CPU.Build.0 = Debug|Any CPU
		{147D2387-4E16-485A-A843-3BB261372754}.Release|Any CPU.ActiveCfg = Release|Any CPU
		{147D2387-4E16-485A-A843-3BB261372754}.Release|Any CPU.Build.0 = Release|Any CPU
	EndGlobalSection
	GlobalSection(SolutionProperties) = preSolution
		HideSolutionNode = FALSE
	EndGlobalSection
	GlobalSection(ExtensibilityGlobals) = postSolution
		SolutionGuid = {718127CF-D0A2-4B6B-91EF-3BC998BCBFE8}
	EndGlobalSection
EndGlobal
